
Microsoft Visual Studio Solution File, Format Version 12.00
# Visual Studio Version 17
VisualStudioVersion = 17.13.35919.96 d17.13
MinimumVisualStudioVersion = 10.0.40219.1
Project("{8BC9CEB8-8B4A-11D0-8D11-00A0C91BC942}") = "samsung_2025_sang_1", "samsung_2025_sang_1.vcxproj", "{AC2C507F-D4FD-4946-A3B1-D1B331278641}"
EndProject
Global
	GlobalSection(SolutionConfigurationPlatforms) = preSolution
		Debug|x64 = Debug|x64
		Debug|x86 = Debug|x86
		Release|x64 = Release|x64
		Release|x86 = Release|x86
	EndGlobalSection
	GlobalSection(ProjectConfigurationPlatforms) = postSolution
		{AC2C507F-D4FD-4946-A3B1-D1B331278641}.Debug|x64.ActiveCfg = Debug|x64
		{AC2C507F-D4FD-4946-A3B1-D1B331278641}.Debug|x64.Build.0 = Debug|x64
		{AC2C507F-D4FD-4946-A3B1-D1B331278641}.Debug|x86.ActiveCfg = Debug|Win32
		{AC2C507F-D4FD-4946-A3B1-D1B331278641}.Debug|x86.Build.0 = Debug|Win32
		{AC2C507F-D4FD-4946-A3B1-D1B331278641}.Release|x64.ActiveCfg = Release|x64
		{AC2C507F-D4FD-4946-A3B1-D1B331278641}.Release|x64.Build.0 = Release|x64
		{AC2C507F-D4FD-4946-A3B1-D1B331278641}.Release|x86.ActiveCfg = Release|Win32
		{AC2C507F-D4FD-4946-A3B1-D1B331278641}.Release|x86.Build.0 = Release|Win32
	EndGlobalSection
	GlobalSection(SolutionProperties) = preSolution
		HideSolutionNode = FALSE
	EndGlobalSection
	GlobalSection(ExtensibilityGlobals) = postSolution
		SolutionGuid = {06147C0C-658A-4638-959C-249D0CC9D0BB}
	EndGlobalSection
EndGlobal
