
Microsoft Visual Studio Solution File, Format Version 12.00
# Visual Studio Version 17
VisualStudioVersion = 17.13.35806.99 d17.13
MinimumVisualStudioVersion = 10.0.40219.1
Project("{8BC9CEB8-8B4A-11D0-8D11-00A0C91BC942}") = "11000_강의실 배정", "11000_강의실 배정.vcxproj", "{D8538653-A98E-4F6E-8598-C3CEF9798637}"
EndProject
Global
	GlobalSection(SolutionConfigurationPlatforms) = preSolution
		Debug|x64 = Debug|x64
		Debug|x86 = Debug|x86
		Release|x64 = Release|x64
		Release|x86 = Release|x86
	EndGlobalSection
	GlobalSection(ProjectConfigurationPlatforms) = postSolution
		{D8538653-A98E-4F6E-8598-C3CEF9798637}.Debug|x64.ActiveCfg = Debug|x64
		{D8538653-A98E-4F6E-8598-C3CEF9798637}.Debug|x64.Build.0 = Debug|x64
		{D8538653-A98E-4F6E-8598-C3CEF9798637}.Debug|x86.ActiveCfg = Debug|Win32
		{D8538653-A98E-4F6E-8598-C3CEF9798637}.Debug|x86.Build.0 = Debug|Win32
		{D8538653-A98E-4F6E-8598-C3CEF9798637}.Release|x64.ActiveCfg = Release|x64
		{D8538653-A98E-4F6E-8598-C3CEF9798637}.Release|x64.Build.0 = Release|x64
		{D8538653-A98E-4F6E-8598-C3CEF9798637}.Release|x86.ActiveCfg = Release|Win32
		{D8538653-A98E-4F6E-8598-C3CEF9798637}.Release|x86.Build.0 = Release|Win32
	EndGlobalSection
	GlobalSection(SolutionProperties) = preSolution
		HideSolutionNode = FALSE
	EndGlobalSection
	GlobalSection(ExtensibilityGlobals) = postSolution
		SolutionGuid = {B7822B43-6535-4691-A59E-7F428DC371D7}
	EndGlobalSection
EndGlobal
